// !$*UTF8*$!
{
	archiveVersion = 1;
	classes = {
	};
	objectVersion = 50;
	objects = {

/* Begin PBXBuildFile section */
		171060F325822953006E762B /* AppState.swift in Sources */ = {isa = PBXBuildFile; fileRef = 171060F225822953006E762B /* AppState.swift */; };
		171060FE25825BAC006E762B /* AppDelegate.swift in Sources */ = {isa = PBXBuildFile; fileRef = 171060FD25825BAC006E762B /* AppDelegate.swift */; };
		1710610025825BAC006E762B /* SceneDelegate.swift in Sources */ = {isa = PBXBuildFile; fileRef = 171060FF25825BAC006E762B /* SceneDelegate.swift */; };
		1710610A25825BB0006E762B /* LaunchScreen.storyboard in Resources */ = {isa = PBXBuildFile; fileRef = 1710610825825BB0006E762B /* LaunchScreen.storyboard */; };
		1710611625825BDA006E762B /* AppState.swift in Sources */ = {isa = PBXBuildFile; fileRef = 171060F225822953006E762B /* AppState.swift */; };
		1710611925825BE1006E762B /* ContentView.swift in Sources */ = {isa = PBXBuildFile; fileRef = 172421FE2582206C0053758A /* ContentView.swift */; };
		1710612425825C6B006E762B /* Assets.xcassets in Resources */ = {isa = PBXBuildFile; fileRef = 17242200258220700053758A /* Assets.xcassets */; };
		172421FD2582206C0053758A /* SwiftUI_NavigationApp.swift in Sources */ = {isa = PBXBuildFile; fileRef = 172421FC2582206C0053758A /* SwiftUI_NavigationApp.swift */; };
		172421FF2582206C0053758A /* ContentView.swift in Sources */ = {isa = PBXBuildFile; fileRef = 172421FE2582206C0053758A /* ContentView.swift */; };
		17242201258220700053758A /* Assets.xcassets in Resources */ = {isa = PBXBuildFile; fileRef = 17242200258220700053758A /* Assets.xcassets */; };
/* End PBXBuildFile section */

/* Begin PBXFileReference section */
		171060F225822953006E762B /* AppState.swift */ = {isa = PBXFileReference; lastKnownFileType = sourcecode.swift; path = AppState.swift; sourceTree = "<group>"; };
		171060F525822A37006E762B /* README.md */ = {isa = PBXFileReference; lastKnownFileType = net.daringfireball.markdown; path = README.md; sourceTree = "<group>"; };
		171060FB25825BAC006E762B /* Navigation-iOS13.app */ = {isa = PBXFileReference; explicitFileType = wrapper.application; includeInIndex = 0; path = "Navigation-iOS13.app"; sourceTree = BUILT_PRODUCTS_DIR; };
		171060FD25825BAC006E762B /* AppDelegate.swift */ = {isa = PBXFileReference; lastKnownFileType = sourcecode.swift; path = AppDelegate.swift; sourceTree = "<group>"; };
		171060FF25825BAC006E762B /* SceneDelegate.swift */ = {isa = PBXFileReference; lastKnownFileType = sourcecode.swift; path = SceneDelegate.swift; sourceTree = "<group>"; };
		1710610925825BB0006E762B /* Base */ = {isa = PBXFileReference; lastKnownFileType = file.storyboard; name = Base; path = Base.lproj/LaunchScreen.storyboard; sourceTree = "<group>"; };
		1710610B25825BB0006E762B /* Info.plist */ = {isa = PBXFileReference; lastKnownFileType = text.plist.xml; path = Info.plist; sourceTree = "<group>"; };
		172421F92582206C0053758A /* Navigation.app */ = {isa = PBXFileReference; explicitFileType = wrapper.application; includeInIndex = 0; path = Navigation.app; sourceTree = BUILT_PRODUCTS_DIR; };
		172421FC2582206C0053758A /* SwiftUI_NavigationApp.swift */ = {isa = PBXFileReference; lastKnownFileType = sourcecode.swift; path = SwiftUI_NavigationApp.swift; sourceTree = "<group>"; };
		172421FE2582206C0053758A /* ContentView.swift */ = {isa = PBXFileReference; lastKnownFileType = sourcecode.swift; path = ContentView.swift; sourceTree = "<group>"; };
		17242200258220700053758A /* Assets.xcassets */ = {isa = PBXFileReference; lastKnownFileType = folder.assetcatalog; path = Assets.xcassets; sourceTree = "<group>"; };
		17242205258220700053758A /* Info.plist */ = {isa = PBXFileReference; lastKnownFileType = text.plist.xml; path = Info.plist; sourceTree = "<group>"; };
/* End PBXFileReference section */

/* Begin PBXFrameworksBuildPhase section */
		171060F825825BAC006E762B /* Frameworks */ = {
			isa = PBXFrameworksBuildPhase;
			buildActionMask = 2147483647;
			files = (
			);
			runOnlyForDeploymentPostprocessing = 0;
		};
		172421F62582206C0053758A /* Frameworks */ = {
			isa = PBXFrameworksBuildPhase;
			buildActionMask = 2147483647;
			files = (
			);
			runOnlyForDeploymentPostprocessing = 0;
		};
/* End PBXFrameworksBuildPhase section */

/* Begin PBXGroup section */
		171060FC25825BAC006E762B /* Navigation-iOS13 */ = {
			isa = PBXGroup;
			children = (
				171060FD25825BAC006E762B /* AppDelegate.swift */,
				171060FF25825BAC006E762B /* SceneDelegate.swift */,
				1710610825825BB0006E762B /* LaunchScreen.storyboard */,
				1710610B25825BB0006E762B /* Info.plist */,
			);
			path = "Navigation-iOS13";
			sourceTree = "<group>";
		};
		1710611325825BCE006E762B /* Shared */ = {
			isa = PBXGroup;
			children = (
				171060F225822953006E762B /* AppState.swift */,
				17242200258220700053758A /* Assets.xcassets */,
			);
			path = Shared;
			sourceTree = "<group>";
		};
		172421F02582206C0053758A = {
			isa = PBXGroup;
			children = (
				171060F525822A37006E762B /* README.md */,
				1710611325825BCE006E762B /* Shared */,
				172421FB2582206C0053758A /* Navigation */,
				171060FC25825BAC006E762B /* Navigation-iOS13 */,
				172421FA2582206C0053758A /* Products */,
			);
			sourceTree = "<group>";
		};
		172421FA2582206C0053758A /* Products */ = {
			isa = PBXGroup;
			children = (
				172421F92582206C0053758A /* Navigation.app */,
				171060FB25825BAC006E762B /* Navigation-iOS13.app */,
			);
			name = Products;
			sourceTree = "<group>";
		};
		172421FB2582206C0053758A /* Navigation */ = {
			isa = PBXGroup;
			children = (
				172421FC2582206C0053758A /* SwiftUI_NavigationApp.swift */,
				172421FE2582206C0053758A /* ContentView.swift */,
				17242205258220700053758A /* Info.plist */,
			);
			path = Navigation;
			sourceTree = "<group>";
		};
/* End PBXGroup section */

/* Begin PBXNativeTarget section */
		171060FA25825BAC006E762B /* Navigation-iOS13 */ = {
			isa = PBXNativeTarget;
			buildConfigurationList = 1710610C25825BB0006E762B /* Build configuration list for PBXNativeTarget "Navigation-iOS13" */;
			buildPhases = (
				171060F725825BAC006E762B /* Sources */,
				171060F825825BAC006E762B /* Frameworks */,
				171060F925825BAC006E762B /* Resources */,
			);
			buildRules = (
			);
			dependencies = (
			);
			name = "Navigation-iOS13";
			productName = "SwiftUI-Navigation-iOS13";
			productReference = 171060FB25825BAC006E762B /* Navigation-iOS13.app */;
			productType = "com.apple.product-type.application";
		};
		172421F82582206C0053758A /* Navigation */ = {
			isa = PBXNativeTarget;
			buildConfigurationList = 17242208258220700053758A /* Build configuration list for PBXNativeTarget "Navigation" */;
			buildPhases = (
				172421F52582206C0053758A /* Sources */,
				172421F62582206C0053758A /* Frameworks */,
				172421F72582206C0053758A /* Resources */,
			);
			buildRules = (
			);
			dependencies = (
			);
			name = Navigation;
			productName = "SwiftUI-Navigation";
			productReference = 172421F92582206C0053758A /* Navigation.app */;
			productType = "com.apple.product-type.application";
		};
/* End PBXNativeTarget section */

/* Begin PBXProject section */
		172421F12582206C0053758A /* Project object */ = {
			isa = PBXProject;
			attributes = {
				LastSwiftUpdateCheck = 1220;
				LastUpgradeCheck = 1220;
				TargetAttributes = {
					171060FA25825BAC006E762B = {
						CreatedOnToolsVersion = 12.2;
					};
					172421F82582206C0053758A = {
						CreatedOnToolsVersion = 12.2;
					};
				};
			};
			buildConfigurationList = 172421F42582206C0053758A /* Build configuration list for PBXProject "SwiftUI-Navigation" */;
			compatibilityVersion = "Xcode 9.3";
			developmentRegion = en;
			hasScannedForEncodings = 0;
			knownRegions = (
				en,
				Base,
			);
			mainGroup = 172421F02582206C0053758A;
			productRefGroup = 172421FA2582206C0053758A /* Products */;
			projectDirPath = "";
			projectRoot = "";
			targets = (
				172421F82582206C0053758A /* Navigation */,
				171060FA25825BAC006E762B /* Navigation-iOS13 */,
			);
		};
/* End PBXProject section */

/* Begin PBXResourcesBuildPhase section */
		171060F925825BAC006E762B /* Resources */ = {
			isa = PBXResourcesBuildPhase;
			buildActionMask = 2147483647;
			files = (
				1710610A25825BB0006E762B /* LaunchScreen.storyboard in Resources */,
				1710612425825C6B006E762B /* Assets.xcassets in Resources */,
			);
			runOnlyForDeploymentPostprocessing = 0;
		};
		172421F72582206C0053758A /* Resources */ = {
			isa = PBXResourcesBuildPhase;
			buildActionMask = 2147483647;
			files = (
				17242201258220700053758A /* Assets.xcassets in Resources */,
			);
			runOnlyForDeploymentPostprocessing = 0;
		};
/* End PBXResourcesBuildPhase section */

/* Begin PBXSourcesBuildPhase section */
		171060F725825BAC006E762B /* Sources */ = {
			isa = PBXSourcesBuildPhase;
			buildActionMask = 2147483647;
			files = (
				171060FE25825BAC006E762B /* AppDelegate.swift in Sources */,
				1710611925825BE1006E762B /* ContentView.swift in Sources */,
				1710610025825BAC006E762B /* SceneDelegate.swift in Sources */,
				1710611625825BDA006E762B /* AppState.swift in Sources */,
			);
			runOnlyForDeploymentPostprocessing = 0;
		};
		172421F52582206C0053758A /* Sources */ = {
			isa = PBXSourcesBuildPhase;
			buildActionMask = 2147483647;
			files = (
				171060F325822953006E762B /* AppState.swift in Sources */,
				172421FF2582206C0053758A /* ContentView.swift in Sources */,
				172421FD2582206C0053758A /* SwiftUI_NavigationApp.swift in Sources */,
			);
			runOnlyForDeploymentPostprocessing = 0;
		};
/* End PBXSourcesBuildPhase section */

/* Begin PBXVariantGroup section */
		1710610825825BB0006E762B /* LaunchScreen.storyboard */ = {
			isa = PBXVariantGroup;
			children = (
				1710610925825BB0006E762B /* Base */,
			);
			name = LaunchScreen.storyboard;
			sourceTree = "<group>";
		};
/* End PBXVariantGroup section */

/* Begin XCBuildConfiguration section */
		1710610D25825BB0006E762B /* Debug */ = {
			isa = XCBuildConfiguration;
			buildSettings = {
				ASSETCATALOG_COMPILER_APPICON_NAME = AppIcon;
				ASSETCATALOG_COMPILER_GLOBAL_ACCENT_COLOR_NAME = AccentColor;
				CODE_SIGN_STYLE = Automatic;
				ENABLE_PREVIEWS = YES;
				INFOPLIST_FILE = "SwiftUI-Navigation-iOS13/Info.plist";
				IPHONEOS_DEPLOYMENT_TARGET = 13.4;
				LD_RUNPATH_SEARCH_PATHS = (
					"$(inherited)",
					"@executable_path/Frameworks",
				);
				PRODUCT_BUNDLE_IDENTIFIER = "com.yourcompany.SwiftUI-Navigation-iOS13";
				PRODUCT_NAME = "$(TARGET_NAME)";
				SWIFT_VERSION = 5.0;
				TARGETED_DEVICE_FAMILY = "1,2";
			};
			name = Debug;
		};
		1710610E25825BB0006E762B /* Release */ = {
			isa = XCBuildConfiguration;
			buildSettings = {
				ASSETCATALOG_COMPILER_APPICON_NAME = AppIcon;
				ASSETCATALOG_COMPILER_GLOBAL_ACCENT_COLOR_NAME = AccentColor;
				CODE_SIGN_STYLE = Automatic;
				ENABLE_PREVIEWS = YES;
				INFOPLIST_FILE = "SwiftUI-Navigation-iOS13/Info.plist";
				IPHONEOS_DEPLOYMENT_TARGET = 13.4;
				LD_RUNPATH_SEARCH_PATHS = (
					"$(inherited)",
					"@executable_path/Frameworks",
				);
				PRODUCT_BUNDLE_IDENTIFIER = "com.yourcompany.SwiftUI-Navigation-iOS13";
				PRODUCT_NAME = "$(TARGET_NAME)";
				SWIFT_VERSION = 5.0;
				TARGETED_DEVICE_FAMILY = "1,2";
			};
			name = Release;
		};
		17242206258220700053758A /* Debug */ = {
			isa = XCBuildConfiguration;
			buildSettings = {
				ALWAYS_SEARCH_USER_PATHS = NO;
				CLANG_ANALYZER_NONNULL = YES;
				CLANG_ANALYZER_NUMBER_OBJECT_CONVERSION = YES_AGGRESSIVE;
				CLANG_CXX_LANGUAGE_STANDARD = "gnu++14";
				CLANG_CXX_LIBRARY = "libc++";
				CLANG_ENABLE_MODULES = YES;
				CLANG_ENABLE_OBJC_ARC = YES;
				CLANG_ENABLE_OBJC_WEAK = YES;
				CLANG_WARN_BLOCK_CAPTURE_AUTORELEASING = YES;
				CLANG_WARN_BOOL_CONVERSION = YES;
				CLANG_WARN_COMMA = YES;
				CLANG_WARN_CONSTANT_CONVERSION = YES;
				CLANG_WARN_DEPRECATED_OBJC_IMPLEMENTATIONS = YES;
				CLANG_WARN_DIRECT_OBJC_ISA_USAGE = YES_ERROR;
				CLANG_WARN_DOCUMENTATION_COMMENTS = YES;
				CLANG_WARN_EMPTY_BODY = YES;
				CLANG_WARN_ENUM_CONVERSION = YES;
				CLANG_WARN_INFINITE_RECURSION = YES;
				CLANG_WARN_INT_CONVERSION = YES;
				CLANG_WARN_NON_LITERAL_NULL_CONVERSION = YES;
				CLANG_WARN_OBJC_IMPLICIT_RETAIN_SELF = YES;
				CLANG_WARN_OBJC_LITERAL_CONVERSION = YES;
				CLANG_WARN_OBJC_ROOT_CLASS = YES_ERROR;
				CLANG_WARN_QUOTED_INCLUDE_IN_FRAMEWORK_HEADER = YES;
				CLANG_WARN_RANGE_LOOP_ANALYSIS = YES;
				CLANG_WARN_STRICT_PROTOTYPES = YES;
				CLANG_WARN_SUSPICIOUS_MOVE = YES;
				CLANG_WARN_UNGUARDED_AVAILABILITY = YES_AGGRESSIVE;
				CLANG_WARN_UNREACHABLE_CODE = YES;
				CLANG_WARN__DUPLICATE_METHOD_MATCH = YES;
				COPY_PHASE_STRIP = NO;
				DEBUG_INFORMATION_FORMAT = dwarf;
				DEVELOPMENT_TEAM = P8CC95REUG;
				ENABLE_STRICT_OBJC_MSGSEND = YES;
				ENABLE_TESTABILITY = YES;
				GCC_C_LANGUAGE_STANDARD = gnu11;
				GCC_DYNAMIC_NO_PIC = NO;
				GCC_NO_COMMON_BLOCKS = YES;
				GCC_OPTIMIZATION_LEVEL = 0;
				GCC_PREPROCESSOR_DEFINITIONS = (
					"DEBUG=1",
					"$(inherited)",
				);
				GCC_WARN_64_TO_32_BIT_CONVERSION = YES;
				GCC_WARN_ABOUT_RETURN_TYPE = YES_ERROR;
				GCC_WARN_UNDECLARED_SELECTOR = YES;
				GCC_WARN_UNINITIALIZED_AUTOS = YES_AGGRESSIVE;
				GCC_WARN_UNUSED_FUNCTION = YES;
				GCC_WARN_UNUSED_VARIABLE = YES;
				IPHONEOS_DEPLOYMENT_TARGET = 14.2;
				MTL_ENABLE_DEBUG_INFO = INCLUDE_SOURCE;
				MTL_FAST_MATH = YES;
				ONLY_ACTIVE_ARCH = YES;
				SDKROOT = iphoneos;
				SWIFT_ACTIVE_COMPILATION_CONDITIONS = DEBUG;
				SWIFT_OPTIMIZATION_LEVEL = "-Onone";
			};
			name = Debug;
		};
		17242207258220700053758A /* Release */ = {
			isa = XCBuildConfiguration;
			buildSettings = {
				ALWAYS_SEARCH_USER_PATHS = NO;
				CLANG_ANALYZER_NONNULL = YES;
				CLANG_ANALYZER_NUMBER_OBJECT_CONVERSION = YES_AGGRESSIVE;
				CLANG_CXX_LANGUAGE_STANDARD = "gnu++14";
				CLANG_CXX_LIBRARY = "libc++";
				CLANG_ENABLE_MODULES = YES;
				CLANG_ENABLE_OBJC_ARC = YES;
				CLANG_ENABLE_OBJC_WEAK = YES;
				CLANG_WARN_BLOCK_CAPTURE_AUTORELEASING = YES;
				CLANG_WARN_BOOL_CONVERSION = YES;
				CLANG_WARN_COMMA = YES;
				CLANG_WARN_CONSTANT_CONVERSION = YES;
				CLANG_WARN_DEPRECATED_OBJC_IMPLEMENTATIONS = YES;
				CLANG_WARN_DIRECT_OBJC_ISA_USAGE = YES_ERROR;
				CLANG_WARN_DOCUMENTATION_COMMENTS = YES;
				CLANG_WARN_EMPTY_BODY = YES;
				CLANG_WARN_ENUM_CONVERSION = YES;
				CLANG_WARN_INFINITE_RECURSION = YES;
				CLANG_WARN_INT_CONVERSION = YES;
				CLANG_WARN_NON_LITERAL_NULL_CONVERSION = YES;
				CLANG_WARN_OBJC_IMPLICIT_RETAIN_SELF = YES;
				CLANG_WARN_OBJC_LITERAL_CONVERSION = YES;
				CLANG_WARN_OBJC_ROOT_CLASS = YES_ERROR;
				CLANG_WARN_QUOTED_INCLUDE_IN_FRAMEWORK_HEADER = YES;
				CLANG_WARN_RANGE_LOOP_ANALYSIS = YES;
				CLANG_WARN_STRICT_PROTOTYPES = YES;
				CLANG_WARN_SUSPICIOUS_MOVE = YES;
				CLANG_WARN_UNGUARDED_AVAILABILITY = YES_AGGRESSIVE;
				CLANG_WARN_UNREACHABLE_CODE = YES;
				CLANG_WARN__DUPLICATE_METHOD_MATCH = YES;
				COPY_PHASE_STRIP = NO;
				DEBUG_INFORMATION_FORMAT = "dwarf-with-dsym";
				DEVELOPMENT_TEAM = P8CC95REUG;
				ENABLE_NS_ASSERTIONS = NO;
				ENABLE_STRICT_OBJC_MSGSEND = YES;
				GCC_C_LANGUAGE_STANDARD = gnu11;
				GCC_NO_COMMON_BLOCKS = YES;
				GCC_WARN_64_TO_32_BIT_CONVERSION = YES;
				GCC_WARN_ABOUT_RETURN_TYPE = YES_ERROR;
				GCC_WARN_UNDECLARED_SELECTOR = YES;
				GCC_WARN_UNINITIALIZED_AUTOS = YES_AGGRESSIVE;
				GCC_WARN_UNUSED_FUNCTION = YES;
				GCC_WARN_UNUSED_VARIABLE = YES;
				IPHONEOS_DEPLOYMENT_TARGET = 14.2;
				MTL_ENABLE_DEBUG_INFO = NO;
				MTL_FAST_MATH = YES;
				SDKROOT = iphoneos;
				SWIFT_COMPILATION_MODE = wholemodule;
				SWIFT_OPTIMIZATION_LEVEL = "-O";
				VALIDATE_PRODUCT = YES;
			};
			name = Release;
		};
		17242209258220700053758A /* Debug */ = {
			isa = XCBuildConfiguration;
			buildSettings = {
				ASSETCATALOG_COMPILER_APPICON_NAME = AppIcon;
				ASSETCATALOG_COMPILER_GLOBAL_ACCENT_COLOR_NAME = AccentColor;
				CODE_SIGN_STYLE = Automatic;
				ENABLE_PREVIEWS = YES;
				INFOPLIST_FILE = "SwiftUI-Navigation/Info.plist";
				IPHONEOS_DEPLOYMENT_TARGET = 14.0;
				LD_RUNPATH_SEARCH_PATHS = (
					"$(inherited)",
					"@executable_path/Frameworks",
				);
				PRODUCT_BUNDLE_IDENTIFIER = "com.yourcompany.SwiftUI-Navigation";
				PRODUCT_NAME = "$(TARGET_NAME)";
				SWIFT_VERSION = 5.0;
				TARGETED_DEVICE_FAMILY = "1,2";
			};
			name = Debug;
		};
		1724220A258220700053758A /* Release */ = {
			isa = XCBuildConfiguration;
			buildSettings = {
				ASSETCATALOG_COMPILER_APPICON_NAME = AppIcon;
				ASSETCATALOG_COMPILER_GLOBAL_ACCENT_COLOR_NAME = AccentColor;
				CODE_SIGN_STYLE = Automatic;
				ENABLE_PREVIEWS = YES;
				INFOPLIST_FILE = "SwiftUI-Navigation/Info.plist";
				IPHONEOS_DEPLOYMENT_TARGET = 14.0;
				LD_RUNPATH_SEARCH_PATHS = (
					"$(inherited)",
					"@executable_path/Frameworks",
				);
				PRODUCT_BUNDLE_IDENTIFIER = "com.yourcompany.SwiftUI-Navigation";
				PRODUCT_NAME = "$(TARGET_NAME)";
				SWIFT_VERSION = 5.0;
				TARGETED_DEVICE_FAMILY = "1,2";
			};
			name = Release;
		};
/* End XCBuildConfiguration section */

/* Begin XCConfigurationList section */
		1710610C25825BB0006E762B /* Build configuration list for PBXNativeTarget "Navigation-iOS13" */ = {
			isa = XCConfigurationList;
			buildConfigurations = (
				1710610D25825BB0006E762B /* Debug */,
				1710610E25825BB0006E762B /* Release */,
			);
			defaultConfigurationIsVisible = 0;
			defaultConfigurationName = Release;
		};
		172421F42582206C0053758A /* Build configuration list for PBXProject "SwiftUI-Navigation" */ = {
			isa = XCConfigurationList;
			buildConfigurations = (
				17242206258220700053758A /* Debug */,
				17242207258220700053758A /* Release */,
			);
			defaultConfigurationIsVisible = 0;
			defaultConfigurationName = Release;
		};
		17242208258220700053758A /* Build configuration list for PBXNativeTarget "Navigation" */ = {
			isa = XCConfigurationList;
			buildConfigurations = (
				17242209258220700053758A /* Debug */,
				1724220A258220700053758A /* Release */,
			);
			defaultConfigurationIsVisible = 0;
			defaultConfigurationName = Release;
		};
/* End XCConfigurationList section */
	};
	rootObject = 172421F12582206C0053758A /* Project object */;
}
